
Microsoft Visual Studio Solution File, Format Version 12.00
# Visual Studio 2012
Project("{FAE04EC0-301F-11D3-BF4B-00C04F79EFBC}") = "LocalTaxiFare", "LocalTaxiFare\LocalTaxiFare.csproj", "{23BF57C4-7449-4F1B-97F5-F8FDBB40249E}"
EndProject
Project("{2150E333-8FDC-42A3-9474-1A3956D46DE8}") = ".nuget", ".nuget", "{253D2F9F-1F2B-4770-8377-026DC055EAFB}"
	ProjectSection(SolutionItems) = preProject
		.nuget\NuGet.Config = .nuget\NuGet.Config
		.nuget\NuGet.exe = .nuget\NuGet.exe
		.nuget\NuGet.targets = .nuget\NuGet.targets
	EndProjectSection
EndProject
Project("{FAE04EC0-301F-11D3-BF4B-00C04F79EFBC}") = "TaxiApi", "TaxiApi\TaxiApi.csproj", "{D89796E5-3B53-4A9C-B93B-8ABEAEAC31F7}"
EndProject
Project("{FAE04EC0-301F-11D3-BF4B-00C04F79EFBC}") = "WebResponse", "WebClientWrapper\WebResponse.csproj", "{DC27CAE4-0979-44FF-B297-44D10094C508}"
EndProject
Project("{FAE04EC0-301F-11D3-BF4B-00C04F79EFBC}") = "JourneyCalculator", "JourneyCalculator\JourneyCalculator.csproj", "{4A92EB6D-6BA5-41C2-8E21-699DA5223740}"
EndProject
Project("{FAE04EC0-301F-11D3-BF4B-00C04F79EFBC}") = "Results", "Hotel\Results.csproj", "{762C86A6-C829-423E-A196-301252CE81A0}"
EndProject
Project("{FAE04EC0-301F-11D3-BF4B-00C04F79EFBC}") = "TaxiFirmDetails", "TaxiFirmDetails\TaxiFirmDetails.csproj", "{545E84DD-A60B-47FA-A970-B3BD98FAD485}"
EndProject
Project("{FAE04EC0-301F-11D3-BF4B-00C04F79EFBC}") = "Configuration", "Configuration\Configuration.csproj", "{BCB5B7E9-DE32-4495-AEA1-0CC2061D3340}"
EndProject
Global
	GlobalSection(SolutionConfigurationPlatforms) = preSolution
		Debug|Any CPU = Debug|Any CPU
		Release|Any CPU = Release|Any CPU
	EndGlobalSection
	GlobalSection(ProjectConfigurationPlatforms) = postSolution
		{23BF57C4-7449-4F1B-97F5-F8FDBB40249E}.Debug|Any CPU.ActiveCfg = Debug|Any CPU
		{23BF57C4-7449-4F1B-97F5-F8FDBB40249E}.Debug|Any CPU.Build.0 = Debug|Any CPU
		{23BF57C4-7449-4F1B-97F5-F8FDBB40249E}.Release|Any CPU.ActiveCfg = Release|Any CPU
		{23BF57C4-7449-4F1B-97F5-F8FDBB40249E}.Release|Any CPU.Build.0 = Release|Any CPU
		{D89796E5-3B53-4A9C-B93B-8ABEAEAC31F7}.Debug|Any CPU.ActiveCfg = Debug|Any CPU
		{D89796E5-3B53-4A9C-B93B-8ABEAEAC31F7}.Debug|Any CPU.Build.0 = Debug|Any CPU
		{D89796E5-3B53-4A9C-B93B-8ABEAEAC31F7}.Release|Any CPU.ActiveCfg = Release|Any CPU
		{D89796E5-3B53-4A9C-B93B-8ABEAEAC31F7}.Release|Any CPU.Build.0 = Release|Any CPU
		{DC27CAE4-0979-44FF-B297-44D10094C508}.Debug|Any CPU.ActiveCfg = Debug|Any CPU
		{DC27CAE4-0979-44FF-B297-44D10094C508}.Debug|Any CPU.Build.0 = Debug|Any CPU
		{DC27CAE4-0979-44FF-B297-44D10094C508}.Release|Any CPU.ActiveCfg = Release|Any CPU
		{DC27CAE4-0979-44FF-B297-44D10094C508}.Release|Any CPU.Build.0 = Release|Any CPU
		{4A92EB6D-6BA5-41C2-8E21-699DA5223740}.Debug|Any CPU.ActiveCfg = Debug|Any CPU
		{4A92EB6D-6BA5-41C2-8E21-699DA5223740}.Debug|Any CPU.Build.0 = Debug|Any CPU
		{4A92EB6D-6BA5-41C2-8E21-699DA5223740}.Release|Any CPU.ActiveCfg = Release|Any CPU
		{4A92EB6D-6BA5-41C2-8E21-699DA5223740}.Release|Any CPU.Build.0 = Release|Any CPU
		{762C86A6-C829-423E-A196-301252CE81A0}.Debug|Any CPU.ActiveCfg = Debug|Any CPU
		{762C86A6-C829-423E-A196-301252CE81A0}.Debug|Any CPU.Build.0 = Debug|Any CPU
		{762C86A6-C829-423E-A196-301252CE81A0}.Release|Any CPU.ActiveCfg = Release|Any CPU
		{762C86A6-C829-423E-A196-301252CE81A0}.Release|Any CPU.Build.0 = Release|Any CPU
		{545E84DD-A60B-47FA-A970-B3BD98FAD485}.Debug|Any CPU.ActiveCfg = Debug|Any CPU
		{545E84DD-A60B-47FA-A970-B3BD98FAD485}.Debug|Any CPU.Build.0 = Debug|Any CPU
		{545E84DD-A60B-47FA-A970-B3BD98FAD485}.Release|Any CPU.ActiveCfg = Release|Any CPU
		{545E84DD-A60B-47FA-A970-B3BD98FAD485}.Release|Any CPU.Build.0 = Release|Any CPU
		{BCB5B7E9-DE32-4495-AEA1-0CC2061D3340}.Debug|Any CPU.ActiveCfg = Debug|Any CPU
		{BCB5B7E9-DE32-4495-AEA1-0CC2061D3340}.Debug|Any CPU.Build.0 = Debug|Any CPU
		{BCB5B7E9-DE32-4495-AEA1-0CC2061D3340}.Release|Any CPU.ActiveCfg = Release|Any CPU
		{BCB5B7E9-DE32-4495-AEA1-0CC2061D3340}.Release|Any CPU.Build.0 = Release|Any CPU
	EndGlobalSection
	GlobalSection(SolutionProperties) = preSolution
		HideSolutionNode = FALSE
	EndGlobalSection
EndGlobal
